// !$*UTF8*$!
{
	archiveVersion = 1;
	classes = {
	};
	objectVersion = 46;
	objects = {

/* Begin PBXBuildFile section */
		C414E1651D68AF0D000DC022 /* AppDelegate.swift in Sources */ = {isa = PBXBuildFile; fileRef = C414E1641D68AF0D000DC022 /* AppDelegate.swift */; };
		C414E1671D68AF0D000DC022 /* CameraViewController.swift in Sources */ = {isa = PBXBuildFile; fileRef = C414E1661D68AF0D000DC022 /* CameraViewController.swift */; };
		C414E16A1D68AF0D000DC022 /* Main.storyboard in Resources */ = {isa = PBXBuildFile; fileRef = C414E1681D68AF0D000DC022 /* Main.storyboard */; };
		C414E16C1D68AF0D000DC022 /* Assets.xcassets in Resources */ = {isa = PBXBuildFile; fileRef = C414E16B1D68AF0D000DC022 /* Assets.xcassets */; };
		C414E16F1D68AF0D000DC022 /* LaunchScreen.storyboard in Resources */ = {isa = PBXBuildFile; fileRef = C414E16D1D68AF0D000DC022 /* LaunchScreen.storyboard */; };
		C414E1771D68AF65000DC022 /* RecipeViewController.swift in Sources */ = {isa = PBXBuildFile; fileRef = C414E1761D68AF65000DC022 /* RecipeViewController.swift */; };
		C414E17B1D68BADF000DC022 /* GetRecipes.swift in Sources */ = {isa = PBXBuildFile; fileRef = C414E17A1D68BADF000DC022 /* GetRecipes.swift */; };
		C414E19C1D68C575000DC022 /* SwiftSpinner.framework in Frameworks */ = {isa = PBXBuildFile; fileRef = C414E19B1D68C575000DC022 /* SwiftSpinner.framework */; };
		C414E19D1D68C582000DC022 /* SwiftSpinner.framework in Frameworks */ = {isa = PBXBuildFile; fileRef = C414E19B1D68C575000DC022 /* SwiftSpinner.framework */; };
		C414E19E1D68C582000DC022 /* SwiftSpinner.framework in Embed Frameworks */ = {isa = PBXBuildFile; fileRef = C414E19B1D68C575000DC022 /* SwiftSpinner.framework */; settings = {ATTRIBUTES = (CodeSignOnCopy, RemoveHeadersOnCopy, ); }; };
		C414E1B21D68DBD7000DC022 /* Recipe.swift in Sources */ = {isa = PBXBuildFile; fileRef = C414E1B11D68DBD7000DC022 /* Recipe.swift */; };
		C414E1B51D68E123000DC022 /* SwiftyJSON.swift in Sources */ = {isa = PBXBuildFile; fileRef = C414E1B41D68E123000DC022 /* SwiftyJSON.swift */; };
		C414E1BA1D68FBD2000DC022 /* CircularCollectionViewCell.swift in Sources */ = {isa = PBXBuildFile; fileRef = C414E1B61D68FBD2000DC022 /* CircularCollectionViewCell.swift */; };
		C414E1BB1D68FBD2000DC022 /* CircularCollectionViewLayout.swift in Sources */ = {isa = PBXBuildFile; fileRef = C414E1B71D68FBD2000DC022 /* CircularCollectionViewLayout.swift */; };
		C414E1BC1D68FBD2000DC022 /* CollectionViewController.swift in Sources */ = {isa = PBXBuildFile; fileRef = C414E1B81D68FBD2000DC022 /* CollectionViewController.swift */; };
		C414E1BD1D68FBD2000DC022 /* CircularCollectionViewCell.xib in Resources */ = {isa = PBXBuildFile; fileRef = C414E1B91D68FBD2000DC022 /* CircularCollectionViewCell.xib */; };
		C414E1BF1D68FBF0000DC022 /* bg-dark.jpg in Resources */ = {isa = PBXBuildFile; fileRef = C414E1BE1D68FBF0000DC022 /* bg-dark.jpg */; };
		C414E1C11D68FE5E000DC022 /* Kingfisher.framework in Frameworks */ = {isa = PBXBuildFile; fileRef = C414E1C01D68FE5E000DC022 /* Kingfisher.framework */; };
		C414E1C21D6903BC000DC022 /* Kingfisher.framework in Embed Frameworks */ = {isa = PBXBuildFile; fileRef = C414E1C01D68FE5E000DC022 /* Kingfisher.framework */; settings = {ATTRIBUTES = (CodeSignOnCopy, RemoveHeadersOnCopy, ); }; };
		C47DAE4C1D691A8F0018328C /* RecognizeImage.swift in Sources */ = {isa = PBXBuildFile; fileRef = C47DAE4B1D691A8F0018328C /* RecognizeImage.swift */; };
/* End PBXBuildFile section */

/* Begin PBXContainerItemProxy section */
		C47DAE581D694A8C0018328C /* PBXContainerItemProxy */ = {
			isa = PBXContainerItemProxy;
			containerPortal = C47DAE4D1D694A8B0018328C /* Alamofire.xcodeproj */;
			proxyType = 2;
			remoteGlobalIDString = F8111E3319A95C8B0040E7D1;
			remoteInfo = "Alamofire iOS";
		};
		C47DAE5A1D694A8C0018328C /* PBXContainerItemProxy */ = {
			isa = PBXContainerItemProxy;
			containerPortal = C47DAE4D1D694A8B0018328C /* Alamofire.xcodeproj */;
			proxyType = 2;
			remoteGlobalIDString = F8111E3E19A95C8B0040E7D1;
			remoteInfo = "Alamofire iOS Tests";
		};
		C47DAE5C1D694A8C0018328C /* PBXContainerItemProxy */ = {
			isa = PBXContainerItemProxy;
			containerPortal = C47DAE4D1D694A8B0018328C /* Alamofire.xcodeproj */;
			proxyType = 2;
			remoteGlobalIDString = 4DD67C0B1A5C55C900ED2280;
			remoteInfo = "Alamofire OSX";
		};
		C47DAE5E1D694A8C0018328C /* PBXContainerItemProxy */ = {
			isa = PBXContainerItemProxy;
			containerPortal = C47DAE4D1D694A8B0018328C /* Alamofire.xcodeproj */;
			proxyType = 2;
			remoteGlobalIDString = F829C6B21A7A94F100A2CD59;
			remoteInfo = "Alamofire OSX Tests";
		};
		C47DAE601D694A8C0018328C /* PBXContainerItemProxy */ = {
			isa = PBXContainerItemProxy;
			containerPortal = C47DAE4D1D694A8B0018328C /* Alamofire.xcodeproj */;
			proxyType = 2;
			remoteGlobalIDString = 4CF626EF1BA7CB3E0011A099;
			remoteInfo = "Alamofire tvOS";
		};
		C47DAE621D694A8C0018328C /* PBXContainerItemProxy */ = {
			isa = PBXContainerItemProxy;
			containerPortal = C47DAE4D1D694A8B0018328C /* Alamofire.xcodeproj */;
			proxyType = 2;
			remoteGlobalIDString = 4CF626F81BA7CB3E0011A099;
			remoteInfo = "Alamofire tvOS Tests";
		};
		C47DAE641D694A8C0018328C /* PBXContainerItemProxy */ = {
			isa = PBXContainerItemProxy;
			containerPortal = C47DAE4D1D694A8B0018328C /* Alamofire.xcodeproj */;
			proxyType = 2;
			remoteGlobalIDString = E4202FE01B667AA100C997FB;
			remoteInfo = "Alamofire watchOS";
		};
/* End PBXContainerItemProxy section */

/* Begin PBXCopyFilesBuildPhase section */
		C414E19F1D68C582000DC022 /* Embed Frameworks */ = {
			isa = PBXCopyFilesBuildPhase;
			buildActionMask = 2147483647;
			dstPath = "";
			dstSubfolderSpec = 10;
			files = (
				C414E1C21D6903BC000DC022 /* Kingfisher.framework in Embed Frameworks */,
				C414E19E1D68C582000DC022 /* SwiftSpinner.framework in Embed Frameworks */,
			);
			name = "Embed Frameworks";
			runOnlyForDeploymentPostprocessing = 0;
		};
/* End PBXCopyFilesBuildPhase section */

/* Begin PBXFileReference section */
		C414E1611D68AF0D000DC022 /* ChiefHelper.app */ = {isa = PBXFileReference; explicitFileType = wrapper.application; includeInIndex = 0; path = ChiefHelper.app; sourceTree = BUILT_PRODUCTS_DIR; };
		C414E1641D68AF0D000DC022 /* AppDelegate.swift */ = {isa = PBXFileReference; lastKnownFileType = sourcecode.swift; path = AppDelegate.swift; sourceTree = "<group>"; };
		C414E1661D68AF0D000DC022 /* CameraViewController.swift */ = {isa = PBXFileReference; lastKnownFileType = sourcecode.swift; path = CameraViewController.swift; sourceTree = "<group>"; };
		C414E1691D68AF0D000DC022 /* Base */ = {isa = PBXFileReference; lastKnownFileType = file.storyboard; name = Base; path = Base.lproj/Main.storyboard; sourceTree = "<group>"; };
		C414E16B1D68AF0D000DC022 /* Assets.xcassets */ = {isa = PBXFileReference; lastKnownFileType = folder.assetcatalog; path = Assets.xcassets; sourceTree = "<group>"; };
		C414E16E1D68AF0D000DC022 /* Base */ = {isa = PBXFileReference; lastKnownFileType = file.storyboard; name = Base; path = Base.lproj/LaunchScreen.storyboard; sourceTree = "<group>"; };
		C414E1701D68AF0D000DC022 /* Info.plist */ = {isa = PBXFileReference; lastKnownFileType = text.plist.xml; path = Info.plist; sourceTree = "<group>"; };
		C414E1761D68AF65000DC022 /* RecipeViewController.swift */ = {isa = PBXFileReference; fileEncoding = 4; lastKnownFileType = sourcecode.swift; path = RecipeViewController.swift; sourceTree = "<group>"; };
		C414E17A1D68BADF000DC022 /* GetRecipes.swift */ = {isa = PBXFileReference; fileEncoding = 4; lastKnownFileType = sourcecode.swift; path = GetRecipes.swift; sourceTree = "<group>"; };
		C414E19B1D68C575000DC022 /* SwiftSpinner.framework */ = {isa = PBXFileReference; lastKnownFileType = wrapper.framework; path = SwiftSpinner.framework; sourceTree = "<group>"; };
		C414E1B11D68DBD7000DC022 /* Recipe.swift */ = {isa = PBXFileReference; fileEncoding = 4; lastKnownFileType = sourcecode.swift; path = Recipe.swift; sourceTree = "<group>"; };
		C414E1B31D68E123000DC022 /* SwiftyJSON.h */ = {isa = PBXFileReference; fileEncoding = 4; lastKnownFileType = sourcecode.c.h; path = SwiftyJSON.h; sourceTree = "<group>"; };
		C414E1B41D68E123000DC022 /* SwiftyJSON.swift */ = {isa = PBXFileReference; fileEncoding = 4; lastKnownFileType = sourcecode.swift; path = SwiftyJSON.swift; sourceTree = "<group>"; };
		C414E1B61D68FBD2000DC022 /* CircularCollectionViewCell.swift */ = {isa = PBXFileReference; fileEncoding = 4; lastKnownFileType = sourcecode.swift; path = CircularCollectionViewCell.swift; sourceTree = "<group>"; };
		C414E1B71D68FBD2000DC022 /* CircularCollectionViewLayout.swift */ = {isa = PBXFileReference; fileEncoding = 4; lastKnownFileType = sourcecode.swift; path = CircularCollectionViewLayout.swift; sourceTree = "<group>"; };
		C414E1B81D68FBD2000DC022 /* CollectionViewController.swift */ = {isa = PBXFileReference; fileEncoding = 4; lastKnownFileType = sourcecode.swift; path = CollectionViewController.swift; sourceTree = "<group>"; };
		C414E1B91D68FBD2000DC022 /* CircularCollectionViewCell.xib */ = {isa = PBXFileReference; fileEncoding = 4; lastKnownFileType = file.xib; path = CircularCollectionViewCell.xib; sourceTree = "<group>"; };
		C414E1BE1D68FBF0000DC022 /* bg-dark.jpg */ = {isa = PBXFileReference; lastKnownFileType = image.jpeg; path = "bg-dark.jpg"; sourceTree = "<group>"; };
		C414E1C01D68FE5E000DC022 /* Kingfisher.framework */ = {isa = PBXFileReference; lastKnownFileType = wrapper.framework; path = Kingfisher.framework; sourceTree = "<group>"; };
		C47DAE4B1D691A8F0018328C /* RecognizeImage.swift */ = {isa = PBXFileReference; fileEncoding = 4; lastKnownFileType = sourcecode.swift; path = RecognizeImage.swift; sourceTree = "<group>"; };
		C47DAE4D1D694A8B0018328C /* Alamofire.xcodeproj */ = {isa = PBXFileReference; lastKnownFileType = "wrapper.pb-project"; name = Alamofire.xcodeproj; path = "Alamofire-master/Alamofire.xcodeproj"; sourceTree = "<group>"; };
/* End PBXFileReference section */

/* Begin PBXFrameworksBuildPhase section */
		C414E15E1D68AF0D000DC022 /* Frameworks */ = {
			isa = PBXFrameworksBuildPhase;
			buildActionMask = 2147483647;
			files = (
				C414E19C1D68C575000DC022 /* SwiftSpinner.framework in Frameworks */,
				C414E19D1D68C582000DC022 /* SwiftSpinner.framework in Frameworks */,
				C414E1C11D68FE5E000DC022 /* Kingfisher.framework in Frameworks */,
			);
			runOnlyForDeploymentPostprocessing = 0;
		};
/* End PBXFrameworksBuildPhase section */

/* Begin PBXGroup section */
		C414E1581D68AF0D000DC022 = {
			isa = PBXGroup;
			children = (
				C414E1631D68AF0D000DC022 /* ChiefHelper */,
				C414E1621D68AF0D000DC022 /* Products */,
			);
			sourceTree = "<group>";
		};
		C414E1621D68AF0D000DC022 /* Products */ = {
			isa = PBXGroup;
			children = (
				C414E1611D68AF0D000DC022 /* ChiefHelper.app */,
			);
			name = Products;
			sourceTree = "<group>";
		};
		C414E1631D68AF0D000DC022 /* ChiefHelper */ = {
			isa = PBXGroup;
			children = (
				C414E1641D68AF0D000DC022 /* AppDelegate.swift */,
				C414E1661D68AF0D000DC022 /* CameraViewController.swift */,
				C47DAE4B1D691A8F0018328C /* RecognizeImage.swift */,
				C414E1761D68AF65000DC022 /* RecipeViewController.swift */,
				C414E17A1D68BADF000DC022 /* GetRecipes.swift */,
				C414E1B11D68DBD7000DC022 /* Recipe.swift */,
				C414E1681D68AF0D000DC022 /* Main.storyboard */,
				C414E16B1D68AF0D000DC022 /* Assets.xcassets */,
				C414E16D1D68AF0D000DC022 /* LaunchScreen.storyboard */,
				C414E1B31D68E123000DC022 /* SwiftyJSON.h */,
				C414E1B61D68FBD2000DC022 /* CircularCollectionViewCell.swift */,
				C414E1B41D68E123000DC022 /* SwiftyJSON.swift */,
				C414E1B71D68FBD2000DC022 /* CircularCollectionViewLayout.swift */,
				C414E1B81D68FBD2000DC022 /* CollectionViewController.swift */,
				C414E1B91D68FBD2000DC022 /* CircularCollectionViewCell.xib */,
				C414E1C01D68FE5E000DC022 /* Kingfisher.framework */,
				C414E19B1D68C575000DC022 /* SwiftSpinner.framework */,
				C414E1701D68AF0D000DC022 /* Info.plist */,
				C414E1BE1D68FBF0000DC022 /* bg-dark.jpg */,
				C47DAE4D1D694A8B0018328C /* Alamofire.xcodeproj */,
			);
			path = ChiefHelper;
			sourceTree = "<group>";
		};
		C47DAE4E1D694A8B0018328C /* Products */ = {
			isa = PBXGroup;
			children = (
				C47DAE591D694A8C0018328C /* Alamofire.framework */,
				C47DAE5B1D694A8C0018328C /* Alamofire iOS Tests.xctest */,
				C47DAE5D1D694A8C0018328C /* Alamofire.framework */,
				C47DAE5F1D694A8C0018328C /* Alamofire OSX Tests.xctest */,
				C47DAE611D694A8C0018328C /* Alamofire.framework */,
				C47DAE631D694A8C0018328C /* Alamofire tvOS Tests.xctest */,
				C47DAE651D694A8C0018328C /* Alamofire.framework */,
			);
			name = Products;
			sourceTree = "<group>";
		};
/* End PBXGroup section */

/* Begin PBXNativeTarget section */
		C414E1601D68AF0D000DC022 /* ChiefHelper */ = {
			isa = PBXNativeTarget;
			buildConfigurationList = C414E1731D68AF0D000DC022 /* Build configuration list for PBXNativeTarget "ChiefHelper" */;
			buildPhases = (
				C414E15D1D68AF0D000DC022 /* Sources */,
				C414E15E1D68AF0D000DC022 /* Frameworks */,
				C414E15F1D68AF0D000DC022 /* Resources */,
				C414E19F1D68C582000DC022 /* Embed Frameworks */,
			);
			buildRules = (
			);
			dependencies = (
			);
			name = ChiefHelper;
			productName = ChiefHelper;
			productReference = C414E1611D68AF0D000DC022 /* ChiefHelper.app */;
			productType = "com.apple.product-type.application";
		};
/* End PBXNativeTarget section */

/* Begin PBXProject section */
		C414E1591D68AF0D000DC022 /* Project object */ = {
			isa = PBXProject;
			attributes = {
				LastSwiftUpdateCheck = 0730;
				LastUpgradeCheck = 0730;
				ORGANIZATIONNAME = "Tyler Lacroix";
				TargetAttributes = {
					C414E1601D68AF0D000DC022 = {
						CreatedOnToolsVersion = 7.3.1;
						DevelopmentTeam = SARZD5PTNB;
					};
				};
			};
			buildConfigurationList = C414E15C1D68AF0D000DC022 /* Build configuration list for PBXProject "ChiefHelper" */;
			compatibilityVersion = "Xcode 3.2";
			developmentRegion = English;
			hasScannedForEncodings = 0;
			knownRegions = (
				en,
				Base,
			);
			mainGroup = C414E1581D68AF0D000DC022;
			productRefGroup = C414E1621D68AF0D000DC022 /* Products */;
			projectDirPath = "";
			projectReferences = (
				{
					ProductGroup = C47DAE4E1D694A8B0018328C /* Products */;
					ProjectRef = C47DAE4D1D694A8B0018328C /* Alamofire.xcodeproj */;
				},
			);
			projectRoot = "";
			targets = (
				C414E1601D68AF0D000DC022 /* ChiefHelper */,
			);
		};
/* End PBXProject section */

/* Begin PBXReferenceProxy section */
		C47DAE591D694A8C0018328C /* Alamofire.framework */ = {
			isa = PBXReferenceProxy;
			fileType = wrapper.framework;
			path = Alamofire.framework;
			remoteRef = C47DAE581D694A8C0018328C /* PBXContainerItemProxy */;
			sourceTree = BUILT_PRODUCTS_DIR;
		};
		C47DAE5B1D694A8C0018328C /* Alamofire iOS Tests.xctest */ = {
			isa = PBXReferenceProxy;
			fileType = wrapper.cfbundle;
			path = "Alamofire iOS Tests.xctest";
			remoteRef = C47DAE5A1D694A8C0018328C /* PBXContainerItemProxy */;
			sourceTree = BUILT_PRODUCTS_DIR;
		};
		C47DAE5D1D694A8C0018328C /* Alamofire.framework */ = {
			isa = PBXReferenceProxy;
			fileType = wrapper.framework;
			path = Alamofire.framework;
			remoteRef = C47DAE5C1D694A8C0018328C /* PBXContainerItemProxy */;
			sourceTree = BUILT_PRODUCTS_DIR;
		};
		C47DAE5F1D694A8C0018328C /* Alamofire OSX Tests.xctest */ = {
			isa = PBXReferenceProxy;
			fileType = wrapper.cfbundle;
			path = "Alamofire OSX Tests.xctest";
			remoteRef = C47DAE5E1D694A8C0018328C /* PBXContainerItemProxy */;
			sourceTree = BUILT_PRODUCTS_DIR;
		};
		C47DAE611D694A8C0018328C /* Alamofire.framework */ = {
			isa = PBXReferenceProxy;
			fileType = wrapper.framework;
			path = Alamofire.framework;
			remoteRef = C47DAE601D694A8C0018328C /* PBXContainerItemProxy */;
			sourceTree = BUILT_PRODUCTS_DIR;
		};
		C47DAE631D694A8C0018328C /* Alamofire tvOS Tests.xctest */ = {
			isa = PBXReferenceProxy;
			fileType = wrapper.cfbundle;
			path = "Alamofire tvOS Tests.xctest";
			remoteRef = C47DAE621D694A8C0018328C /* PBXContainerItemProxy */;
			sourceTree = BUILT_PRODUCTS_DIR;
		};
		C47DAE651D694A8C0018328C /* Alamofire.framework */ = {
			isa = PBXReferenceProxy;
			fileType = wrapper.framework;
			path = Alamofire.framework;
			remoteRef = C47DAE641D694A8C0018328C /* PBXContainerItemProxy */;
			sourceTree = BUILT_PRODUCTS_DIR;
		};
/* End PBXReferenceProxy section */

/* Begin PBXResourcesBuildPhase section */
		C414E15F1D68AF0D000DC022 /* Resources */ = {
			isa = PBXResourcesBuildPhase;
			buildActionMask = 2147483647;
			files = (
				C414E16F1D68AF0D000DC022 /* LaunchScreen.storyboard in Resources */,
				C414E16C1D68AF0D000DC022 /* Assets.xcassets in Resources */,
				C414E1BF1D68FBF0000DC022 /* bg-dark.jpg in Resources */,
				C414E16A1D68AF0D000DC022 /* Main.storyboard in Resources */,
				C414E1BD1D68FBD2000DC022 /* CircularCollectionViewCell.xib in Resources */,
			);
			runOnlyForDeploymentPostprocessing = 0;
		};
/* End PBXResourcesBuildPhase section */

/* Begin PBXSourcesBuildPhase section */
		C414E15D1D68AF0D000DC022 /* Sources */ = {
			isa = PBXSourcesBuildPhase;
			buildActionMask = 2147483647;
			files = (
				C47DAE4C1D691A8F0018328C /* RecognizeImage.swift in Sources */,
				C414E1BC1D68FBD2000DC022 /* CollectionViewController.swift in Sources */,
				C414E1671D68AF0D000DC022 /* CameraViewController.swift in Sources */,
				C414E1BA1D68FBD2000DC022 /* CircularCollectionViewCell.swift in Sources */,
				C414E1651D68AF0D000DC022 /* AppDelegate.swift in Sources */,
				C414E1BB1D68FBD2000DC022 /* CircularCollectionViewLayout.swift in Sources */,
				C414E17B1D68BADF000DC022 /* GetRecipes.swift in Sources */,
				C414E1B51D68E123000DC022 /* SwiftyJSON.swift in Sources */,
				C414E1771D68AF65000DC022 /* RecipeViewController.swift in Sources */,
				C414E1B21D68DBD7000DC022 /* Recipe.swift in Sources */,
			);
			runOnlyForDeploymentPostprocessing = 0;
		};
/* End PBXSourcesBuildPhase section */

/* Begin PBXVariantGroup section */
		C414E1681D68AF0D000DC022 /* Main.storyboard */ = {
			isa = PBXVariantGroup;
			children = (
				C414E1691D68AF0D000DC022 /* Base */,
			);
			name = Main.storyboard;
			sourceTree = "<group>";
		};
		C414E16D1D68AF0D000DC022 /* LaunchScreen.storyboard */ = {
			isa = PBXVariantGroup;
			children = (
				C414E16E1D68AF0D000DC022 /* Base */,
			);
			name = LaunchScreen.storyboard;
			sourceTree = "<group>";
		};
/* End PBXVariantGroup section */

/* Begin XCBuildConfiguration section */
		C414E1711D68AF0D000DC022 /* Debug */ = {
			isa = XCBuildConfiguration;
			buildSettings = {
				ALWAYS_SEARCH_USER_PATHS = NO;
				CLANG_ANALYZER_NONNULL = YES;
				CLANG_CXX_LANGUAGE_STANDARD = "gnu++0x";
				CLANG_CXX_LIBRARY = "libc++";
				CLANG_ENABLE_MODULES = YES;
				CLANG_ENABLE_OBJC_ARC = YES;
				CLANG_WARN_BOOL_CONVERSION = YES;
				CLANG_WARN_CONSTANT_CONVERSION = YES;
				CLANG_WARN_DIRECT_OBJC_ISA_USAGE = YES_ERROR;
				CLANG_WARN_EMPTY_BODY = YES;
				CLANG_WARN_ENUM_CONVERSION = YES;
				CLANG_WARN_INT_CONVERSION = YES;
				CLANG_WARN_OBJC_ROOT_CLASS = YES_ERROR;
				CLANG_WARN_UNREACHABLE_CODE = YES;
				CLANG_WARN__DUPLICATE_METHOD_MATCH = YES;
				"CODE_SIGN_IDENTITY[sdk=iphoneos*]" = "iPhone Developer";
				COPY_PHASE_STRIP = NO;
				DEBUG_INFORMATION_FORMAT = dwarf;
				ENABLE_STRICT_OBJC_MSGSEND = YES;
				ENABLE_TESTABILITY = YES;
				GCC_C_LANGUAGE_STANDARD = gnu99;
				GCC_DYNAMIC_NO_PIC = NO;
				GCC_NO_COMMON_BLOCKS = YES;
				GCC_OPTIMIZATION_LEVEL = 0;
				GCC_PREPROCESSOR_DEFINITIONS = (
					"DEBUG=1",
					"$(inherited)",
				);
				GCC_WARN_64_TO_32_BIT_CONVERSION = YES;
				GCC_WARN_ABOUT_RETURN_TYPE = YES_ERROR;
				GCC_WARN_UNDECLARED_SELECTOR = YES;
				GCC_WARN_UNINITIALIZED_AUTOS = YES_AGGRESSIVE;
				GCC_WARN_UNUSED_FUNCTION = YES;
				GCC_WARN_UNUSED_VARIABLE = YES;
				IPHONEOS_DEPLOYMENT_TARGET = 9.3;
				MTL_ENABLE_DEBUG_INFO = YES;
				ONLY_ACTIVE_ARCH = YES;
				SDKROOT = iphoneos;
				SWIFT_OPTIMIZATION_LEVEL = "-Onone";
			};
			name = Debug;
		};
		C414E1721D68AF0D000DC022 /* Release */ = {
			isa = XCBuildConfiguration;
			buildSettings = {
				ALWAYS_SEARCH_USER_PATHS = NO;
				CLANG_ANALYZER_NONNULL = YES;
				CLANG_CXX_LANGUAGE_STANDARD = "gnu++0x";
				CLANG_CXX_LIBRARY = "libc++";
				CLANG_ENABLE_MODULES = YES;
				CLANG_ENABLE_OBJC_ARC = YES;
				CLANG_WARN_BOOL_CONVERSION = YES;
				CLANG_WARN_CONSTANT_CONVERSION = YES;
				CLANG_WARN_DIRECT_OBJC_ISA_USAGE = YES_ERROR;
				CLANG_WARN_EMPTY_BODY = YES;
				CLANG_WARN_ENUM_CONVERSION = YES;
				CLANG_WARN_INT_CONVERSION = YES;
				CLANG_WARN_OBJC_ROOT_CLASS = YES_ERROR;
				CLANG_WARN_UNREACHABLE_CODE = YES;
				CLANG_WARN__DUPLICATE_METHOD_MATCH = YES;
				"CODE_SIGN_IDENTITY[sdk=iphoneos*]" = "iPhone Developer";
				COPY_PHASE_STRIP = NO;
				DEBUG_INFORMATION_FORMAT = "dwarf-with-dsym";
				ENABLE_NS_ASSERTIONS = NO;
				ENABLE_STRICT_OBJC_MSGSEND = YES;
				GCC_C_LANGUAGE_STANDARD = gnu99;
				GCC_NO_COMMON_BLOCKS = YES;
				GCC_WARN_64_TO_32_BIT_CONVERSION = YES;
				GCC_WARN_ABOUT_RETURN_TYPE = YES_ERROR;
				GCC_WARN_UNDECLARED_SELECTOR = YES;
				GCC_WARN_UNINITIALIZED_AUTOS = YES_AGGRESSIVE;
				GCC_WARN_UNUSED_FUNCTION = YES;
				GCC_WARN_UNUSED_VARIABLE = YES;
				IPHONEOS_DEPLOYMENT_TARGET = 9.3;
				MTL_ENABLE_DEBUG_INFO = NO;
				SDKROOT = iphoneos;
				VALIDATE_PRODUCT = YES;
			};
			name = Release;
		};
		C414E1741D68AF0D000DC022 /* Debug */ = {
			isa = XCBuildConfiguration;
			buildSettings = {
				ASSETCATALOG_COMPILER_APPICON_NAME = AppIcon;
				CODE_SIGN_IDENTITY = "iPhone Developer";
				"CODE_SIGN_IDENTITY[sdk=iphoneos*]" = "iPhone Developer";
				FRAMEWORK_SEARCH_PATHS = (
					"$(inherited)",
					"$(PROJECT_DIR)/ChiefHelper",
				);
				INFOPLIST_FILE = ChiefHelper/Info.plist;
				LD_RUNPATH_SEARCH_PATHS = "$(inherited) @executable_path/Frameworks";
				PRODUCT_BUNDLE_IDENTIFIER = com.tylerlacroix.ChiefHelper;
				PRODUCT_NAME = "$(TARGET_NAME)";
				PROVISIONING_PROFILE = "";
				SWIFT_VERSION = 2.3;
			};
			name = Debug;
		};
		C414E1751D68AF0D000DC022 /* Release */ = {
			isa = XCBuildConfiguration;
			buildSettings = {
				ASSETCATALOG_COMPILER_APPICON_NAME = AppIcon;
				CODE_SIGN_IDENTITY = "iPhone Developer";
				"CODE_SIGN_IDENTITY[sdk=iphoneos*]" = "iPhone Developer";
				FRAMEWORK_SEARCH_PATHS = (
					"$(inherited)",
					"$(PROJECT_DIR)/ChiefHelper",
				);
				INFOPLIST_FILE = ChiefHelper/Info.plist;
				LD_RUNPATH_SEARCH_PATHS = "$(inherited) @executable_path/Frameworks";
				PRODUCT_BUNDLE_IDENTIFIER = com.tylerlacroix.ChiefHelper;
				PRODUCT_NAME = "$(TARGET_NAME)";
				PROVISIONING_PROFILE = "";
				SWIFT_VERSION = 2.3;
			};
			name = Release;
		};
/* End XCBuildConfiguration section */

/* Begin XCConfigurationList section */
		C414E15C1D68AF0D000DC022 /* Build configuration list for PBXProject "ChiefHelper" */ = {
			isa = XCConfigurationList;
			buildConfigurations = (
				C414E1711D68AF0D000DC022 /* Debug */,
				C414E1721D68AF0D000DC022 /* Release */,
			);
			defaultConfigurationIsVisible = 0;
			defaultConfigurationName = Release;
		};
		C414E1731D68AF0D000DC022 /* Build configuration list for PBXNativeTarget "ChiefHelper" */ = {
			isa = XCConfigurationList;
			buildConfigurations = (
				C414E1741D68AF0D000DC022 /* Debug */,
				C414E1751D68AF0D000DC022 /* Release */,
			);
			defaultConfigurationIsVisible = 0;
			defaultConfigurationName = Release;
		};
/* End XCConfigurationList section */
	};
	rootObject = C414E1591D68AF0D000DC022 /* Project object */;
}
